
Microsoft Visual Studio Solution File, Format Version 12.00
# Visual Studio Version 17
VisualStudioVersion = 17.0.31903.59
MinimumVisualStudioVersion = 10.0.40219.1
Project("{FAE04EC0-301F-11D3-BF4B-00C04F79EFBC}") = "BOAT.Android", "BOAT.Android\BOAT.Android.csproj", "{64D51390-D897-49F2-AF0E-6E921C8C6698}"
EndProject
Project("{FAE04EC0-301F-11D3-BF4B-00C04F79EFBC}") = "BOAT", "BOAT\BOAT.csproj", "{27E3F12E-2456-4173-8478-5C9FEA3DAD8D}"
EndProject
Global
	GlobalSection(SolutionConfigurationPlatforms) = preSolution
		Debug|Any CPU = Debug|Any CPU
		Release|Any CPU = Release|Any CPU
	EndGlobalSection
	GlobalSection(ProjectConfigurationPlatforms) = postSolution
		{64D51390-D897-49F2-AF0E-6E921C8C6698}.Debug|Any CPU.ActiveCfg = Debug|Any CPU
		{64D51390-D897-49F2-AF0E-6E921C8C6698}.Debug|Any CPU.Build.0 = Debug|Any CPU
		{64D51390-D897-49F2-AF0E-6E921C8C6698}.Debug|Any CPU.Deploy.0 = Debug|Any CPU
		{64D51390-D897-49F2-AF0E-6E921C8C6698}.Release|Any CPU.ActiveCfg = Release|Any CPU
		{64D51390-D897-49F2-AF0E-6E921C8C6698}.Release|Any CPU.Build.0 = Release|Any CPU
		{64D51390-D897-49F2-AF0E-6E921C8C6698}.Release|Any CPU.Deploy.0 = Release|Any CPU
		{27E3F12E-2456-4173-8478-5C9FEA3DAD8D}.Debug|Any CPU.ActiveCfg = Debug|Any CPU
		{27E3F12E-2456-4173-8478-5C9FEA3DAD8D}.Debug|Any CPU.Build.0 = Debug|Any CPU
		{27E3F12E-2456-4173-8478-5C9FEA3DAD8D}.Debug|Any CPU.Deploy.0 = Debug|Any CPU
		{27E3F12E-2456-4173-8478-5C9FEA3DAD8D}.Release|Any CPU.ActiveCfg = Release|Any CPU
		{27E3F12E-2456-4173-8478-5C9FEA3DAD8D}.Release|Any CPU.Build.0 = Release|Any CPU
		{27E3F12E-2456-4173-8478-5C9FEA3DAD8D}.Release|Any CPU.Deploy.0 = Release|Any CPU
	EndGlobalSection
	GlobalSection(SolutionProperties) = preSolution
		HideSolutionNode = FALSE
	EndGlobalSection
	GlobalSection(ExtensibilityGlobals) = postSolution
		SolutionGuid = {788DCFE4-B707-40E6-B86F-972A67B3832D}
	EndGlobalSection
EndGlobal
